// !$*UTF8*$!
{
	archiveVersion = 1;
	classes = {
	};
	objectVersion = 45;
	objects = {

/* Begin PBXBuildFile section */
		8DD76F650486A84900D96B5E /* main.cpp in Sources */ = {isa = PBXBuildFile; fileRef = 08FB7796FE84155DC02AAC07 /* main.cpp */; settings = {ATTRIBUTES = (); }; };
		8DD76F6A0486A84900D96B5E /* lab11.1 in CopyFiles */ = {isa = PBXBuildFile; fileRef = C6859E8B029090EE04C91782 /* lab11.1 */; };
		B8204D25118B3C3E0033C797 /* yaul_parser.cpp in Sources */ = {isa = PBXBuildFile; fileRef = B8204D24118B3C3E0033C797 /* yaul_parser.cpp */; };
		B8C4202D119608300063BFB0 /* yaul_vm.c in Sources */ = {isa = PBXBuildFile; fileRef = B8C4202C119608300063BFB0 /* yaul_vm.c */; };
		B8C420511196211B0063BFB0 /* yaul_codegen.cpp in Sources */ = {isa = PBXBuildFile; fileRef = B8C420501196211B0063BFB0 /* yaul_codegen.cpp */; };
		B8F6B21B118996B400DF2580 /* vmss_convert.c in Sources */ = {isa = PBXBuildFile; fileRef = B8F6B216118996B400DF2580 /* vmss_convert.c */; };
		B8F6B21C118996B400DF2580 /* vmss_string.c in Sources */ = {isa = PBXBuildFile; fileRef = B8F6B218118996B400DF2580 /* vmss_string.c */; };
		B8F6B26511899C3300DF2580 /* yaul_lexer.cpp in Sources */ = {isa = PBXBuildFile; fileRef = B8F6B26411899C3300DF2580 /* yaul_lexer.cpp */; };
/* End PBXBuildFile section */

/* Begin PBXCopyFilesBuildPhase section */
		8DD76F690486A84900D96B5E /* CopyFiles */ = {
			isa = PBXCopyFilesBuildPhase;
			buildActionMask = 8;
			dstPath = /usr/share/man/man1/;
			dstSubfolderSpec = 0;
			files = (
				8DD76F6A0486A84900D96B5E /* lab11.1 in CopyFiles */,
			);
			runOnlyForDeploymentPostprocessing = 1;
		};
/* End PBXCopyFilesBuildPhase section */

/* Begin PBXFileReference section */
		08FB7796FE84155DC02AAC07 /* main.cpp */ = {isa = PBXFileReference; fileEncoding = 4; lastKnownFileType = sourcecode.cpp.cpp; path = main.cpp; sourceTree = "<group>"; };
		8DD76F6C0486A84900D96B5E /* lab11 */ = {isa = PBXFileReference; explicitFileType = "compiled.mach-o.executable"; includeInIndex = 0; path = lab11; sourceTree = BUILT_PRODUCTS_DIR; };
		B8204D23118B3C3E0033C797 /* yaul_parser.h */ = {isa = PBXFileReference; fileEncoding = 4; lastKnownFileType = sourcecode.c.h; path = yaul_parser.h; sourceTree = "<group>"; };
		B8204D24118B3C3E0033C797 /* yaul_parser.cpp */ = {isa = PBXFileReference; fileEncoding = 4; lastKnownFileType = sourcecode.cpp.cpp; path = yaul_parser.cpp; sourceTree = "<group>"; };
		B8204E3E118C96250033C797 /* test.yauc */ = {isa = PBXFileReference; fileEncoding = 4; lastKnownFileType = text; path = test.yauc; sourceTree = "<group>"; };
		B8C4202B119608300063BFB0 /* yaul_vm.h */ = {isa = PBXFileReference; fileEncoding = 4; lastKnownFileType = sourcecode.c.h; path = yaul_vm.h; sourceTree = "<group>"; };
		B8C4202C119608300063BFB0 /* yaul_vm.c */ = {isa = PBXFileReference; fileEncoding = 4; lastKnownFileType = sourcecode.c.c; path = yaul_vm.c; sourceTree = "<group>"; };
		B8C42030119608CB0063BFB0 /* yaul_opcodes.h */ = {isa = PBXFileReference; fileEncoding = 4; lastKnownFileType = sourcecode.c.h; path = yaul_opcodes.h; sourceTree = "<group>"; };
		B8C4204F1196211B0063BFB0 /* yaul_codegen.h */ = {isa = PBXFileReference; fileEncoding = 4; lastKnownFileType = sourcecode.c.h; path = yaul_codegen.h; sourceTree = "<group>"; };
		B8C420501196211B0063BFB0 /* yaul_codegen.cpp */ = {isa = PBXFileReference; fileEncoding = 4; lastKnownFileType = sourcecode.cpp.cpp; path = yaul_codegen.cpp; sourceTree = "<group>"; };
		B8F6B216118996B400DF2580 /* vmss_convert.c */ = {isa = PBXFileReference; fileEncoding = 4; lastKnownFileType = sourcecode.c.c; path = vmss_convert.c; sourceTree = "<group>"; };
		B8F6B217118996B400DF2580 /* vmss_convert.h */ = {isa = PBXFileReference; fileEncoding = 4; lastKnownFileType = sourcecode.c.h; path = vmss_convert.h; sourceTree = "<group>"; };
		B8F6B218118996B400DF2580 /* vmss_string.c */ = {isa = PBXFileReference; fileEncoding = 4; lastKnownFileType = sourcecode.c.c; path = vmss_string.c; sourceTree = "<group>"; };
		B8F6B219118996B400DF2580 /* vmss_string.h */ = {isa = PBXFileReference; fileEncoding = 4; lastKnownFileType = sourcecode.c.h; path = vmss_string.h; sourceTree = "<group>"; };
		B8F6B21A118996B400DF2580 /* vmss_common.h */ = {isa = PBXFileReference; fileEncoding = 4; lastKnownFileType = sourcecode.c.h; path = vmss_common.h; sourceTree = "<group>"; };
		B8F6B26311899C3300DF2580 /* yaul_lexer.h */ = {isa = PBXFileReference; fileEncoding = 4; lastKnownFileType = sourcecode.c.h; path = yaul_lexer.h; sourceTree = "<group>"; };
		B8F6B26411899C3300DF2580 /* yaul_lexer.cpp */ = {isa = PBXFileReference; fileEncoding = 4; lastKnownFileType = sourcecode.cpp.cpp; path = yaul_lexer.cpp; sourceTree = "<group>"; };
		C6859E8B029090EE04C91782 /* lab11.1 */ = {isa = PBXFileReference; lastKnownFileType = text.man; path = lab11.1; sourceTree = "<group>"; };
/* End PBXFileReference section */

/* Begin PBXFrameworksBuildPhase section */
		8DD76F660486A84900D96B5E /* Frameworks */ = {
			isa = PBXFrameworksBuildPhase;
			buildActionMask = 2147483647;
			files = (
			);
			runOnlyForDeploymentPostprocessing = 0;
		};
/* End PBXFrameworksBuildPhase section */

/* Begin PBXGroup section */
		08FB7794FE84155DC02AAC07 /* lab11 */ = {
			isa = PBXGroup;
			children = (
				B8204E3D118C96000033C797 /* Test */,
				08FB7795FE84155DC02AAC07 /* Source */,
				C6859E8C029090F304C91782 /* Documentation */,
				1AB674ADFE9D54B511CA2CBB /* Products */,
			);
			name = lab11;
			sourceTree = "<group>";
		};
		08FB7795FE84155DC02AAC07 /* Source */ = {
			isa = PBXGroup;
			children = (
				B8F6B26211899BEC00DF2580 /* Lexer */,
				B8F6B216118996B400DF2580 /* vmss_convert.c */,
				B8F6B217118996B400DF2580 /* vmss_convert.h */,
				B8F6B218118996B400DF2580 /* vmss_string.c */,
				B8F6B219118996B400DF2580 /* vmss_string.h */,
				B8F6B21A118996B400DF2580 /* vmss_common.h */,
				08FB7796FE84155DC02AAC07 /* main.cpp */,
			);
			name = Source;
			sourceTree = "<group>";
		};
		1AB674ADFE9D54B511CA2CBB /* Products */ = {
			isa = PBXGroup;
			children = (
				8DD76F6C0486A84900D96B5E /* lab11 */,
			);
			name = Products;
			sourceTree = "<group>";
		};
		B8204E3D118C96000033C797 /* Test */ = {
			isa = PBXGroup;
			children = (
				B8204E3E118C96250033C797 /* test.yauc */,
			);
			name = Test;
			sourceTree = "<group>";
		};
		B8F6B26211899BEC00DF2580 /* Lexer */ = {
			isa = PBXGroup;
			children = (
				B8F6B26311899C3300DF2580 /* yaul_lexer.h */,
				B8F6B26411899C3300DF2580 /* yaul_lexer.cpp */,
				B8204D23118B3C3E0033C797 /* yaul_parser.h */,
				B8204D24118B3C3E0033C797 /* yaul_parser.cpp */,
				B8C4202B119608300063BFB0 /* yaul_vm.h */,
				B8C4202C119608300063BFB0 /* yaul_vm.c */,
				B8C42030119608CB0063BFB0 /* yaul_opcodes.h */,
				B8C4204F1196211B0063BFB0 /* yaul_codegen.h */,
				B8C420501196211B0063BFB0 /* yaul_codegen.cpp */,
			);
			name = Lexer;
			sourceTree = "<group>";
		};
		C6859E8C029090F304C91782 /* Documentation */ = {
			isa = PBXGroup;
			children = (
				C6859E8B029090EE04C91782 /* lab11.1 */,
			);
			name = Documentation;
			sourceTree = "<group>";
		};
/* End PBXGroup section */

/* Begin PBXNativeTarget section */
		8DD76F620486A84900D96B5E /* lab11 */ = {
			isa = PBXNativeTarget;
			buildConfigurationList = 1DEB923108733DC60010E9CD /* Build configuration list for PBXNativeTarget "lab11" */;
			buildPhases = (
				8DD76F640486A84900D96B5E /* Sources */,
				8DD76F660486A84900D96B5E /* Frameworks */,
				8DD76F690486A84900D96B5E /* CopyFiles */,
			);
			buildRules = (
			);
			dependencies = (
			);
			name = lab11;
			productInstallPath = "$(HOME)/bin";
			productName = lab11;
			productReference = 8DD76F6C0486A84900D96B5E /* lab11 */;
			productType = "com.apple.product-type.tool";
		};
/* End PBXNativeTarget section */

/* Begin PBXProject section */
		08FB7793FE84155DC02AAC07 /* Project object */ = {
			isa = PBXProject;
			buildConfigurationList = 1DEB923508733DC60010E9CD /* Build configuration list for PBXProject "lab11" */;
			compatibilityVersion = "Xcode 3.1";
			hasScannedForEncodings = 1;
			mainGroup = 08FB7794FE84155DC02AAC07 /* lab11 */;
			projectDirPath = "";
			projectRoot = "";
			targets = (
				8DD76F620486A84900D96B5E /* lab11 */,
			);
		};
/* End PBXProject section */

/* Begin PBXSourcesBuildPhase section */
		8DD76F640486A84900D96B5E /* Sources */ = {
			isa = PBXSourcesBuildPhase;
			buildActionMask = 2147483647;
			files = (
				8DD76F650486A84900D96B5E /* main.cpp in Sources */,
				B8F6B21B118996B400DF2580 /* vmss_convert.c in Sources */,
				B8F6B21C118996B400DF2580 /* vmss_string.c in Sources */,
				B8F6B26511899C3300DF2580 /* yaul_lexer.cpp in Sources */,
				B8204D25118B3C3E0033C797 /* yaul_parser.cpp in Sources */,
				B8C4202D119608300063BFB0 /* yaul_vm.c in Sources */,
				B8C420511196211B0063BFB0 /* yaul_codegen.cpp in Sources */,
			);
			runOnlyForDeploymentPostprocessing = 0;
		};
/* End PBXSourcesBuildPhase section */

/* Begin XCBuildConfiguration section */
		1DEB923208733DC60010E9CD /* Debug */ = {
			isa = XCBuildConfiguration;
			buildSettings = {
				ALWAYS_SEARCH_USER_PATHS = NO;
				COPY_PHASE_STRIP = NO;
				GCC_DYNAMIC_NO_PIC = NO;
				GCC_ENABLE_FIX_AND_CONTINUE = YES;
				GCC_MODEL_TUNING = G5;
				GCC_OPTIMIZATION_LEVEL = 0;
				INSTALL_PATH = /usr/local/bin;
				PRODUCT_NAME = lab11;
			};
			name = Debug;
		};
		1DEB923308733DC60010E9CD /* Release */ = {
			isa = XCBuildConfiguration;
			buildSettings = {
				ALWAYS_SEARCH_USER_PATHS = NO;
				DEBUG_INFORMATION_FORMAT = "dwarf-with-dsym";
				GCC_MODEL_TUNING = G5;
				INSTALL_PATH = /usr/local/bin;
				PRODUCT_NAME = lab11;
			};
			name = Release;
		};
		1DEB923608733DC60010E9CD /* Debug */ = {
			isa = XCBuildConfiguration;
			buildSettings = {
				ARCHS = "$(ARCHS_STANDARD_32_64_BIT)";
				GCC_OPTIMIZATION_LEVEL = 0;
				GCC_WARN_ABOUT_RETURN_TYPE = YES;
				GCC_WARN_UNUSED_VARIABLE = YES;
				ONLY_ACTIVE_ARCH = YES;
				PREBINDING = NO;
				SDKROOT = macosx10.6;
			};
			name = Debug;
		};
		1DEB923708733DC60010E9CD /* Release */ = {
			isa = XCBuildConfiguration;
			buildSettings = {
				ARCHS = "$(ARCHS_STANDARD_32_64_BIT)";
				GCC_C_LANGUAGE_STANDARD = gnu99;
				GCC_WARN_ABOUT_RETURN_TYPE = YES;
				GCC_WARN_UNUSED_VARIABLE = YES;
				PREBINDING = NO;
				SDKROOT = macosx10.6;
			};
			name = Release;
		};
/* End XCBuildConfiguration section */

/* Begin XCConfigurationList section */
		1DEB923108733DC60010E9CD /* Build configuration list for PBXNativeTarget "lab11" */ = {
			isa = XCConfigurationList;
			buildConfigurations = (
				1DEB923208733DC60010E9CD /* Debug */,
				1DEB923308733DC60010E9CD /* Release */,
			);
			defaultConfigurationIsVisible = 0;
			defaultConfigurationName = Release;
		};
		1DEB923508733DC60010E9CD /* Build configuration list for PBXProject "lab11" */ = {
			isa = XCConfigurationList;
			buildConfigurations = (
				1DEB923608733DC60010E9CD /* Debug */,
				1DEB923708733DC60010E9CD /* Release */,
			);
			defaultConfigurationIsVisible = 0;
			defaultConfigurationName = Release;
		};
/* End XCConfigurationList section */
	};
	rootObject = 08FB7793FE84155DC02AAC07 /* Project object */;
}
